
Microsoft Visual Studio Solution File, Format Version 12.00
# Visual Studio Version 16
VisualStudioVersion = 16.0.31025.194
MinimumVisualStudioVersion = 10.0.40219.1
Project("{FAE04EC0-301F-11D3-BF4B-00C04F79EFBC}") = "Calculadora_tA_B", "Calculadora_tA_B\Calculadora_tA_B.csproj", "{C0606142-028A-41DC-B259-C8F53BA8B67C}"
EndProject
Global
	GlobalSection(SolutionConfigurationPlatforms) = preSolution
		Debug|Any CPU = Debug|Any CPU
		Release|Any CPU = Release|Any CPU
	EndGlobalSection
	GlobalSection(ProjectConfigurationPlatforms) = postSolution
		{C0606142-028A-41DC-B259-C8F53BA8B67C}.Debug|Any CPU.ActiveCfg = Debug|Any CPU
		{C0606142-028A-41DC-B259-C8F53BA8B67C}.Debug|Any CPU.Build.0 = Debug|Any CPU
		{C0606142-028A-41DC-B259-C8F53BA8B67C}.Release|Any CPU.ActiveCfg = Release|Any CPU
		{C0606142-028A-41DC-B259-C8F53BA8B67C}.Release|Any CPU.Build.0 = Release|Any CPU
	EndGlobalSection
	GlobalSection(SolutionProperties) = preSolution
		HideSolutionNode = FALSE
	EndGlobalSection
	GlobalSection(ExtensibilityGlobals) = postSolution
		SolutionGuid = {EF267BFE-45D9-48D7-B4D0-8B587CC7D1D1}
	EndGlobalSection
EndGlobal
